
Microsoft Visual Studio Solution File, Format Version 12.00
# Visual Studio Version 17
VisualStudioVersion = 17.6.33723.286
MinimumVisualStudioVersion = 10.0.40219.1
Project("{FAE04EC0-301F-11D3-BF4B-00C04F79EFBC}") = "Zoo", "Zoo\Zoo.csproj", "{548168F1-1D01-440F-BDB1-0885B1CED7AD}"
EndProject
Project("{FAE04EC0-301F-11D3-BF4B-00C04F79EFBC}") = "TestZoo", "TestZoo\TestZoo.csproj", "{30A66CED-F2F3-4EF0-B953-F62ECA77F2A1}"
EndProject
Global
	GlobalSection(SolutionConfigurationPlatforms) = preSolution
		Debug|Any CPU = Debug|Any CPU
		Release|Any CPU = Release|Any CPU
	EndGlobalSection
	GlobalSection(ProjectConfigurationPlatforms) = postSolution
		{548168F1-1D01-440F-BDB1-0885B1CED7AD}.Debug|Any CPU.ActiveCfg = Debug|Any CPU
		{548168F1-1D01-440F-BDB1-0885B1CED7AD}.Debug|Any CPU.Build.0 = Debug|Any CPU
		{548168F1-1D01-440F-BDB1-0885B1CED7AD}.Release|Any CPU.ActiveCfg = Release|Any CPU
		{548168F1-1D01-440F-BDB1-0885B1CED7AD}.Release|Any CPU.Build.0 = Release|Any CPU
		{30A66CED-F2F3-4EF0-B953-F62ECA77F2A1}.Debug|Any CPU.ActiveCfg = Debug|Any CPU
		{30A66CED-F2F3-4EF0-B953-F62ECA77F2A1}.Debug|Any CPU.Build.0 = Debug|Any CPU
		{30A66CED-F2F3-4EF0-B953-F62ECA77F2A1}.Release|Any CPU.ActiveCfg = Release|Any CPU
		{30A66CED-F2F3-4EF0-B953-F62ECA77F2A1}.Release|Any CPU.Build.0 = Release|Any CPU
	EndGlobalSection
	GlobalSection(SolutionProperties) = preSolution
		HideSolutionNode = FALSE
	EndGlobalSection
	GlobalSection(ExtensibilityGlobals) = postSolution
		SolutionGuid = {35EFC8F1-F198-4B0F-8836-74713DB925A2}
	EndGlobalSection
EndGlobal
